github.com/google/go-cmp v0.4.0 h1:xsAVV57WRhGj6kEIi8ReJzQlHHqcBYCElAvkovg3B/4=
github.com/google/go-cmp v0.4.0/go.mod h1:v8dTdLbMG2kIc/vJvl+f65V22dbkXbowE6jgT/gNBxE=
github.com/jonascavalcantineto/cloud-connector v0.0.0-20200129190404-9c7e2dfb802c h1:J4+Io4OfdFCNPTGv5LwHHVD1KGgEjlSpgKFUYi6kM64=
github.com/jonascavalcantineto/cloud-connector/connectors v0.0.0-20200130183635-b7b9408c4737 h1:Ew8ZUOu+bgWr9Elz3izAYGzR4FUYh09XT0K5uIrgh2o=
golang.org/x/xerrors v0.0.0-20191204190536-9bdfabe68543/go.mod h1:I/5z698sn9Ka8TeJc9MKroUUfqBBauWjQqLJ2OPfmY0=
